
Microsoft Visual Studio Solution File, Format Version 12.00
# Visual Studio Version 17
VisualStudioVersion = 17.0.31903.59
MinimumVisualStudioVersion = 10.0.40219.1
Project("{FAE04EC0-301F-11D3-BF4B-00C04F79EFBC}") = "MedScans", "backend\MedScans.csproj", "{09D93D66-0D1D-4063-8F1C-507F791F7516}"
EndProject
Project("{2150E333-8FDC-42A3-9474-1A3956D46DE8}") = "tests", "tests", "{651F860A-D4ED-407C-8430-6EEFF0BB525C}"
EndProject
Project("{FAE04EC0-301F-11D3-BF4B-00C04F79EFBC}") = "MedScans.Tests", "tests\MedScans.Tests\MedScans.Tests.csproj", "{8976FAAE-A281-4245-A6FD-22A330A147FC}"
EndProject
Global
	GlobalSection(SolutionConfigurationPlatforms) = preSolution
		Debug|Any CPU = Debug|Any CPU
		Release|Any CPU = Release|Any CPU
	EndGlobalSection
	GlobalSection(SolutionProperties) = preSolution
		HideSolutionNode = FALSE
	EndGlobalSection
	GlobalSection(ProjectConfigurationPlatforms) = postSolution
		{09D93D66-0D1D-4063-8F1C-507F791F7516}.Debug|Any CPU.ActiveCfg = Debug|Any CPU
		{09D93D66-0D1D-4063-8F1C-507F791F7516}.Debug|Any CPU.Build.0 = Debug|Any CPU
		{09D93D66-0D1D-4063-8F1C-507F791F7516}.Release|Any CPU.ActiveCfg = Release|Any CPU
		{09D93D66-0D1D-4063-8F1C-507F791F7516}.Release|Any CPU.Build.0 = Release|Any CPU
		{8976FAAE-A281-4245-A6FD-22A330A147FC}.Debug|Any CPU.ActiveCfg = Debug|Any CPU
		{8976FAAE-A281-4245-A6FD-22A330A147FC}.Debug|Any CPU.Build.0 = Debug|Any CPU
		{8976FAAE-A281-4245-A6FD-22A330A147FC}.Release|Any CPU.ActiveCfg = Release|Any CPU
		{8976FAAE-A281-4245-A6FD-22A330A147FC}.Release|Any CPU.Build.0 = Release|Any CPU
	EndGlobalSection
	GlobalSection(NestedProjects) = preSolution
		{8976FAAE-A281-4245-A6FD-22A330A147FC} = {651F860A-D4ED-407C-8430-6EEFF0BB525C}
	EndGlobalSection
EndGlobal
