
Microsoft Visual Studio Solution File, Format Version 12.00
# Visual Studio Version 17
VisualStudioVersion = 17.7.34221.43
MinimumVisualStudioVersion = 10.0.40219.1
Project("{FAE04EC0-301F-11D3-BF4B-00C04F79EFBC}") = "api", "api\api.csproj", "{AC93D5AA-7998-4DFA-8FF4-389C65610D78}"
EndProject
Project("{FAE04EC0-301F-11D3-BF4B-00C04F79EFBC}") = "MedScans.Tests", "tests\MedScans.Tests\MedScans.Tests.csproj", "{8D1AD8E1-C713-47E1-B494-E3B751826A22}"
EndProject
Global
	GlobalSection(SolutionConfigurationPlatforms) = preSolution
		Debug|Any CPU = Debug|Any CPU
		Release|Any CPU = Release|Any CPU
	EndGlobalSection
	GlobalSection(ProjectConfigurationPlatforms) = postSolution
		{AC93D5AA-7998-4DFA-8FF4-389C65610D78}.Debug|Any CPU.ActiveCfg = Debug|Any CPU
		{AC93D5AA-7998-4DFA-8FF4-389C65610D78}.Debug|Any CPU.Build.0 = Debug|Any CPU
		{AC93D5AA-7998-4DFA-8FF4-389C65610D78}.Release|Any CPU.ActiveCfg = Release|Any CPU
		{AC93D5AA-7998-4DFA-8FF4-389C65610D78}.Release|Any CPU.Build.0 = Release|Any CPU
		{8D1AD8E1-C713-47E1-B494-E3B751826A22}.Debug|Any CPU.ActiveCfg = Debug|Any CPU
		{8D1AD8E1-C713-47E1-B494-E3B751826A22}.Debug|Any CPU.Build.0 = Debug|Any CPU
		{8D1AD8E1-C713-47E1-B494-E3B751826A22}.Release|Any CPU.ActiveCfg = Release|Any CPU
		{8D1AD8E1-C713-47E1-B494-E3B751826A22}.Release|Any CPU.Build.0 = Release|Any CPU
	EndGlobalSection
	GlobalSection(SolutionProperties) = preSolution
		HideSolutionNode = FALSE
	EndGlobalSection
	GlobalSection(ExtensibilityGlobals) = postSolution
		SolutionGuid = {362EC5F5-3A70-4945-BFC6-FB1B52937AD4}
	EndGlobalSection
EndGlobal
